{
  "nodes": {
    "bun2nix": {
      "inputs": {
        "flake-parts": [
          "llm-agents",
          "flake-parts"
        ],
        "nixpkgs": [
          "llm-agents",
          "nixpkgs"
        ],
        "systems": [
          "llm-agents",
          "systems"
        ],
        "treefmt-nix": [
          "llm-agents",
          "treefmt-nix"
        ]
      },
      "locked": {
        "lastModified": 1782772816,
        "narHash": "sha256-s9BuFv0mRuZx9C1MF8qPHRdcAK14ONi0A5m6E2wqOoM=",
        "owner": "nix-community",
        "repo": "bun2nix",
        "rev": "5a39d717029e94163ac223aee8d5c9946cafed1c",
        "type": "github"
      },
      "original": {
        "owner": "nix-community",
        "repo": "bun2nix",
        "type": "github"
      }
    },
    "fenix": {
      "inputs": {
        "nixpkgs": [
          "nixpkgs"
        ],
        "rust-analyzer-src": "rust-analyzer-src"
      },
      "locked": {
<<<<<<< Updated upstream
        "lastModified": 1784017020,
        "narHash": "sha256-49WO85egjNtN1vMgJ3zUjDh5IqO+ou4zZY80WQ6EKGg=",
||||||| Stash base
        "lastModified": 1782131086,
        "narHash": "sha256-M73jIp606F878X6bq/dQ11IRmAwd+/ssdK+7qvr50vo=",
=======
        "lastModified": 1783844668,
        "narHash": "sha256-3MOpw4y3reoErRLvFBDz0t9aG6FWXUj7leKvUns5eQA=",
>>>>>>> Stashed changes
        "owner": "nix-community",
        "repo": "fenix",
<<<<<<< Updated upstream
        "rev": "fa2a0be0f712d7147d1677d33d15ea7b0589cdb4",
||||||| Stash base
        "rev": "309fb007facc8caa25c99413502b38fddb3ffdc2",
=======
        "rev": "4e49ef62eedaa5c149d62b63b3f53844e1cc45d7",
>>>>>>> Stashed changes
        "type": "github"
      },
      "original": {
        "owner": "nix-community",
        "repo": "fenix",
        "type": "github"
      }
    },
    "flake-compat": {
      "flake": false,
      "locked": {
        "lastModified": 1767039857,
        "narHash": "sha256-vNpUSpF5Nuw8xvDLj2KCwwksIbjua2LZCqhV1LNRDns=",
        "owner": "NixOS",
        "repo": "flake-compat",
        "rev": "5edf11c44bc78a0d334f6334cdaf7d60d732daab",
        "type": "github"
      },
      "original": {
        "owner": "NixOS",
        "repo": "flake-compat",
        "type": "github"
      }
    },
    "flake-compat_2": {
      "flake": false,
      "locked": {
        "lastModified": 1767039857,
        "narHash": "sha256-vNpUSpF5Nuw8xvDLj2KCwwksIbjua2LZCqhV1LNRDns=",
        "owner": "edolstra",
        "repo": "flake-compat",
        "rev": "5edf11c44bc78a0d334f6334cdaf7d60d732daab",
        "type": "github"
      },
      "original": {
        "owner": "edolstra",
        "repo": "flake-compat",
        "type": "github"
      }
    },
    "flake-parts": {
      "inputs": {
        "nixpkgs-lib": "nixpkgs-lib"
      },
      "locked": {
        "lastModified": 1782949081,
        "narHash": "sha256-vp6Y/Grm98ESt6ceOkWiHWyZRDV3J1RID4w+6NWK9yA=",
        "owner": "hercules-ci",
        "repo": "flake-parts",
        "rev": "17c9d6cdfc60c64f4ee8d306f9bc0b4ccb51481e",
        "type": "github"
      },
      "original": {
        "owner": "hercules-ci",
        "repo": "flake-parts",
        "type": "github"
      }
    },
    "flake-parts_2": {
      "inputs": {
        "nixpkgs-lib": [
          "llm-agents",
          "nixpkgs"
        ]
      },
      "locked": {
        "lastModified": 1782949081,
        "narHash": "sha256-vp6Y/Grm98ESt6ceOkWiHWyZRDV3J1RID4w+6NWK9yA=",
        "owner": "hercules-ci",
        "repo": "flake-parts",
        "rev": "17c9d6cdfc60c64f4ee8d306f9bc0b4ccb51481e",
        "type": "github"
      },
      "original": {
        "owner": "hercules-ci",
        "repo": "flake-parts",
        "type": "github"
      }
    },
    "flake-parts_3": {
      "inputs": {
        "nixpkgs-lib": [
          "nixvim",
          "nixpkgs"
        ]
      },
      "locked": {
        "lastModified": 1782949081,
        "narHash": "sha256-vp6Y/Grm98ESt6ceOkWiHWyZRDV3J1RID4w+6NWK9yA=",
        "owner": "hercules-ci",
        "repo": "flake-parts",
        "rev": "17c9d6cdfc60c64f4ee8d306f9bc0b4ccb51481e",
        "type": "github"
      },
      "original": {
        "owner": "hercules-ci",
        "repo": "flake-parts",
        "type": "github"
      }
    },
    "git-hooks": {
      "inputs": {
        "flake-compat": "flake-compat",
        "nixpkgs": [
          "nixpkgs"
        ]
      },
      "locked": {
        "lastModified": 1783008725,
        "narHash": "sha256-jGiy6+sxjNWXSjp25uoJuNfyH9zBK1PEDY0lVoL4ibQ=",
        "owner": "cachix",
        "repo": "git-hooks.nix",
        "rev": "bca82caa46d5ec0f5d422c61fb1e30bc51313cbe",
        "type": "github"
      },
      "original": {
        "owner": "cachix",
        "repo": "git-hooks.nix",
        "type": "github"
      }
    },
    "home-manager": {
      "inputs": {
        "nixpkgs": [
          "nixpkgs"
        ]
      },
      "locked": {
<<<<<<< Updated upstream
        "lastModified": 1784690067,
        "narHash": "sha256-t86pRs7IPs3RTMPueWvvdcxyTFrctHAv2Jl7jnjsSf8=",
||||||| Stash base
        "lastModified": 1782166451,
        "narHash": "sha256-SA7LyrayyZBvtzZnesnSLV7haciFuVLeZaX2hd5v4j4=",
=======
        "lastModified": 1784913159,
        "narHash": "sha256-JWq0BfjO4ktpH5USfQNQzdvHpIDT8fSKD5K7LvdMRFs=",
>>>>>>> Stashed changes
        "owner": "nix-community",
        "repo": "home-manager",
<<<<<<< Updated upstream
        "rev": "6d8d61567802997f9ec3086b2a837e3ef31fac16",
||||||| Stash base
        "rev": "471a1d2f840eb7fcbdfd541d99c13a64096f46db",
=======
        "rev": "079a3b5d1aa6a719920a51316253b7d6dd22738d",
>>>>>>> Stashed changes
        "type": "github"
      },
      "original": {
        "owner": "nix-community",
        "repo": "home-manager",
        "type": "github"
      }
    },
    "llm-agents": {
      "inputs": {
        "bun2nix": "bun2nix",
        "flake-parts": "flake-parts_2",
        "nixpkgs": [
          "nixpkgs"
        ],
        "systems": "systems",
        "treefmt-nix": "treefmt-nix"
      },
      "locked": {
<<<<<<< Updated upstream
        "lastModified": 1784012825,
        "narHash": "sha256-lbdkOH57StVOFMEpFASzEmi+GlK3iX6Uu7Y2zGUgVFE=",
||||||| Stash base
        "lastModified": 1782180246,
        "narHash": "sha256-jDXyzgRtViPSj38evX6dkqMXISulDrx8aTVLTxHQnYI=",
=======
        "lastModified": 1783894722,
        "narHash": "sha256-XyPTs8RQ5sa28KlNCB+QRGvyNivmgxQLuykn4SHkhVo=",
>>>>>>> Stashed changes
        "owner": "numtide",
        "repo": "llm-agents.nix",
<<<<<<< Updated upstream
        "rev": "5c73869318afcf796a7a465b4b5e31b27f0819d4",
||||||| Stash base
        "rev": "d4bdfa7950b2e27b553f8c1fd92f6f44b926f776",
=======
        "rev": "eacaf2df85462b8637506345b29e60ee8fa06c6c",
>>>>>>> Stashed changes
        "type": "github"
      },
      "original": {
        "owner": "numtide",
        "repo": "llm-agents.nix",
        "type": "github"
      }
    },
    "nix-darwin": {
      "inputs": {
        "nixpkgs": [
          "nixpkgs"
        ]
      },
      "locked": {
        "lastModified": 1784500460,
        "narHash": "sha256-UvORnAxTRHax7RG74W8Z2t4GvIkX6AjJ5kk0QlwZomo=",
        "owner": "lnl7",
        "repo": "nix-darwin",
        "rev": "57a3171f94705599a2499248ca5758d5eb47c0e0",
        "type": "github"
      },
      "original": {
        "owner": "lnl7",
        "ref": "master",
        "repo": "nix-darwin",
        "type": "github"
      }
    },
    "nix-vscode-extensions": {
      "inputs": {
        "nixpkgs": [
          "nixpkgs"
        ]
      },
      "locked": {
<<<<<<< Updated upstream
        "lastModified": 1783997659,
        "narHash": "sha256-JbjWx3EfJxRBUhMlgwOi4hblgC9bUyJYR8beF2lfZtQ=",
||||||| Stash base
        "lastModified": 1782104473,
        "narHash": "sha256-n96VM4h18yA1ih7f3CuVvmIyCIDtFlgX8OaKnIVSoL4=",
=======
        "lastModified": 1783826883,
        "narHash": "sha256-I2CTStJ2N/FCFKhTOnX3VmVPdKc+I1+SpXYY5dcN9CI=",
>>>>>>> Stashed changes
        "owner": "nix-community",
        "repo": "nix-vscode-extensions",
<<<<<<< Updated upstream
        "rev": "e58f630efacbb99d2d2b60b83da8f57ba2a773f5",
||||||| Stash base
        "rev": "f99979a1f1d367dd4ccd0e744c31f3e3ae062c32",
=======
        "rev": "2b6ad58e598c40e718a3faf4196411a37db80f97",
>>>>>>> Stashed changes
        "type": "github"
      },
      "original": {
        "owner": "nix-community",
        "repo": "nix-vscode-extensions",
        "type": "github"
      }
    },
    "nixos-unified": {
      "locked": {
        "lastModified": 1776963825,
        "narHash": "sha256-h8ohEfNWB6FBHSnCxdWXnPIhseGIg+3+uYPzDxQdAAc=",
        "owner": "srid",
        "repo": "nixos-unified",
        "rev": "d2818c36b8637f9abde16ecf4e81991e43b8529e",
        "type": "github"
      },
      "original": {
        "owner": "srid",
        "repo": "nixos-unified",
        "type": "github"
      }
    },
    "nixos-wsl": {
      "inputs": {
        "flake-compat": "flake-compat_2",
        "nixpkgs": [
          "nixpkgs"
        ]
      },
      "locked": {
        "lastModified": 1783897948,
        "narHash": "sha256-wusXpttNJn7SvUMvGLpNuJgcwIIkMwlWNnasPPxpftg=",
        "owner": "nix-community",
        "repo": "NixOS-WSL",
        "rev": "7348d3f38ab1bd6abe156a923fab6f43656b168f",
        "type": "github"
      },
      "original": {
        "owner": "nix-community",
        "ref": "main",
        "repo": "NixOS-WSL",
        "type": "github"
      }
    },
    "nixpkgs": {
      "locked": {
<<<<<<< Updated upstream
        "lastModified": 1784497964,
        "narHash": "sha256-vlHUuqAcbcH2RKmHbPiuQzbv1pnzzavXnI62RD0bqCU=",
||||||| Stash base
        "lastModified": 1781577229,
        "narHash": "sha256-lrp67w8AulE9Ks53n27I45ADSzbOCn4H+CNW1Ck8B+8=",
=======
        "lastModified": 1784796856,
        "narHash": "sha256-wWFrV5/Qbm+lyt5x20E/bSbfJiGKMo4RCxZV8cl/WZI=",
>>>>>>> Stashed changes
        "owner": "nixos",
        "repo": "nixpkgs",
<<<<<<< Updated upstream
        "rev": "241313f4e8e508cb9b13278c2b0fa25b9ca27163",
||||||| Stash base
        "rev": "567a49d1913ce81ac6e9582e3553dd90a955875f",
=======
        "rev": "e2587caef70cea85dd97d7daab492899902dbf5d",
>>>>>>> Stashed changes
        "type": "github"
      },
      "original": {
        "owner": "nixos",
        "ref": "nixos-unstable",
        "repo": "nixpkgs",
        "type": "github"
      }
    },
    "nixpkgs-lib": {
      "locked": {
        "lastModified": 1782614948,
        "narHash": "sha256-ePjCwr1sNm9NYUqywL7QfK3JnlS015msC+eBu2zKlp8=",
        "owner": "nix-community",
        "repo": "nixpkgs.lib",
        "rev": "db3f255737b94216eb71cce308e2912cf6bc2d7c",
        "type": "github"
      },
      "original": {
        "owner": "nix-community",
        "repo": "nixpkgs.lib",
        "type": "github"
      }
    },
    "nixvim": {
      "inputs": {
        "flake-parts": "flake-parts_3",
        "nixpkgs": [
          "nixpkgs"
        ],
        "systems": "systems_2"
      },
      "locked": {
<<<<<<< Updated upstream
        "lastModified": 1783980039,
        "narHash": "sha256-QjM3pLJraSzvUlEwz1Jcl25Hpwe7JKZA6tQJ6DAEUMw=",
||||||| Stash base
        "lastModified": 1782176672,
        "narHash": "sha256-8gNmp6mdko4/ALHsiewq4t/I3OvX4nbjAIoz5uyn1p4=",
=======
        "lastModified": 1783869492,
        "narHash": "sha256-47qs7UofgjxU6m7c90RycaHjvEXnVM5DeVEAtaPVPUA=",
>>>>>>> Stashed changes
        "owner": "nix-community",
        "repo": "nixvim",
<<<<<<< Updated upstream
        "rev": "7a7643e253afd119d69c8e8bb2a3385c346f3a40",
||||||| Stash base
        "rev": "91df3d9f91c2b6e4c07541903b9d7f80a5b857e1",
=======
        "rev": "4ef28e447b9003b67ff7fa9488a3be93c43312db",
>>>>>>> Stashed changes
        "type": "github"
      },
      "original": {
        "owner": "nix-community",
        "repo": "nixvim",
        "type": "github"
      }
    },
    "root": {
      "inputs": {
        "fenix": "fenix",
        "flake-parts": "flake-parts",
        "git-hooks": "git-hooks",
        "home-manager": "home-manager",
        "llm-agents": "llm-agents",
        "nix-darwin": "nix-darwin",
        "nix-vscode-extensions": "nix-vscode-extensions",
        "nixos-unified": "nixos-unified",
        "nixos-wsl": "nixos-wsl",
        "nixpkgs": "nixpkgs",
        "nixvim": "nixvim"
      }
    },
    "rust-analyzer-src": {
      "flake": false,
      "locked": {
<<<<<<< Updated upstream
        "lastModified": 1783975201,
        "narHash": "sha256-oyHWTfKWk06nTynCO8ByEAx/KEARvOOyTVnwinOmK3Q=",
||||||| Stash base
        "lastModified": 1782030001,
        "narHash": "sha256-1JBvwtGyIsEBIemJBi6syH7iQ+pct7i+HNa1WSZfozs=",
=======
        "lastModified": 1783779020,
        "narHash": "sha256-vpm418WZa9l1KUl6HRs+Ga+SIfE+D2/sV4olwTlilYc=",
>>>>>>> Stashed changes
        "owner": "rust-lang",
        "repo": "rust-analyzer",
<<<<<<< Updated upstream
        "rev": "63a6f0d4bcfd3bbcf36383fcbcbcd93456ed1653",
||||||| Stash base
        "rev": "69ccffdb5b3570c6c14c5780bf2e8836f2209d90",
=======
        "rev": "5be5e89cf0145d73a85c805726821b4adfc3af48",
>>>>>>> Stashed changes
        "type": "github"
      },
      "original": {
        "owner": "rust-lang",
        "ref": "nightly",
        "repo": "rust-analyzer",
        "type": "github"
      }
    },
    "systems": {
      "locked": {
        "lastModified": 1681028828,
        "narHash": "sha256-Vy1rq5AaRuLzOxct8nz4T6wlgyUR7zLU309k9mBC768=",
        "owner": "nix-systems",
        "repo": "default",
        "rev": "da67096a3b9bf56a91d16901293e51ba5b49a27e",
        "type": "github"
      },
      "original": {
        "owner": "nix-systems",
        "repo": "default",
        "type": "github"
      }
    },
    "systems_2": {
      "locked": {
        "lastModified": 1774449309,
        "narHash": "sha256-brhZ8DmuGtzkCYHJg4HEd602amKm89Y9ytsFZ5uWD1w=",
        "owner": "nix-systems",
        "repo": "default",
        "rev": "c29398b59d2048c4ab79345812849c9bd15e9150",
        "type": "github"
      },
      "original": {
        "owner": "nix-systems",
        "ref": "future-26.11",
        "repo": "default",
        "type": "github"
      }
    },
    "treefmt-nix": {
      "inputs": {
        "nixpkgs": [
          "llm-agents",
          "nixpkgs"
        ]
      },
      "locked": {
        "lastModified": 1780220602,
        "narHash": "sha256-eynAfOmbmxJnkp7YewvCEbShNnnYJ9gLLqkzsYtBPeM=",
        "owner": "numtide",
        "repo": "treefmt-nix",
        "rev": "db947814a175b7ca6ded66e21383d938df01c227",
        "type": "github"
      },
      "original": {
        "owner": "numtide",
        "repo": "treefmt-nix",
        "type": "github"
      }
    }
  },
  "root": "root",
  "version": 7
}
